{
  "name": "refactoring_js",
  "version": "1.0.0",
  "lockfileVersion": 2,
  "requires": true,
  "packages": {
    "": {
      "name": "refactoring_js",
      "version": "1.0.0",
      "license": "ISC",
      "dependencies": {
        "wish": "^1.0.1"
      }
    },
    "node_modules/wish": {
      "version": "1.0.1",
      "resolved": "https://registry.npmjs.org/wish/-/wish-1.0.1.tgz",
      "integrity": "sha1-fy0zSGSUex/f8EixMdACh8r3nZw=",
      "engines": {
        "node": ">=7.7.1"
      }
    }
  },
  "dependencies": {
    "wish": {
      "version": "1.0.1",
      "resolved": "https://registry.npmjs.org/wish/-/wish-1.0.1.tgz",
      "integrity": "sha1-fy0zSGSUex/f8EixMdACh8r3nZw="
    }
  }
}
